
Microsoft Visual Studio Solution File, Format Version 12.00
# Visual Studio 15
VisualStudioVersion = 15.0.28307.1000
MinimumVisualStudioVersion = 10.0.40219.1
Project("{FAE04EC0-301F-11D3-BF4B-00C04F79EFBC}") = "cleanV12", "cleanV12\cleanV12.csproj", "{A17F03FF-CEFC-408B-BBAB-D34A2B7CF1C5}"
EndProject
Global
	GlobalSection(SolutionConfigurationPlatforms) = preSolution
		Debug|Any CPU = Debug|Any CPU
		Release|Any CPU = Release|Any CPU
	EndGlobalSection
	GlobalSection(ProjectConfigurationPlatforms) = postSolution
		{A17F03FF-CEFC-408B-BBAB-D34A2B7CF1C5}.Debug|Any CPU.ActiveCfg = Debug|Any CPU
		{A17F03FF-CEFC-408B-BBAB-D34A2B7CF1C5}.Debug|Any CPU.Build.0 = Debug|Any CPU
		{A17F03FF-CEFC-408B-BBAB-D34A2B7CF1C5}.Release|Any CPU.ActiveCfg = Release|Any CPU
		{A17F03FF-CEFC-408B-BBAB-D34A2B7CF1C5}.Release|Any CPU.Build.0 = Release|Any CPU
	EndGlobalSection
	GlobalSection(SolutionProperties) = preSolution
		HideSolutionNode = FALSE
	EndGlobalSection
	GlobalSection(ExtensibilityGlobals) = postSolution
		SolutionGuid = {5493DB57-DFCC-41DB-AD2F-4EFE9AF2A630}
	EndGlobalSection
EndGlobal
